
Microsoft Visual Studio Solution File, Format Version 12.00
# Visual Studio 2013
VisualStudioVersion = 12.0.30723.0
MinimumVisualStudioVersion = 10.0.40219.1
Project("{F184B08F-C81C-45F6-A57F-5ABD9991F28F}") = "RussianRoulette", "RussianRoulette\RussianRoulette.vbproj", "{5D865B44-13B5-4AB5-920B-C7F7C388D683}"
EndProject
Global
	GlobalSection(SolutionConfigurationPlatforms) = preSolution
		Debug|Any CPU = Debug|Any CPU
		Release|Any CPU = Release|Any CPU
	EndGlobalSection
	GlobalSection(ProjectConfigurationPlatforms) = postSolution
		{5D865B44-13B5-4AB5-920B-C7F7C388D683}.Debug|Any CPU.ActiveCfg = Debug|Any CPU
		{5D865B44-13B5-4AB5-920B-C7F7C388D683}.Debug|Any CPU.Build.0 = Debug|Any CPU
		{5D865B44-13B5-4AB5-920B-C7F7C388D683}.Release|Any CPU.ActiveCfg = Release|Any CPU
		{5D865B44-13B5-4AB5-920B-C7F7C388D683}.Release|Any CPU.Build.0 = Release|Any CPU
	EndGlobalSection
	GlobalSection(SolutionProperties) = preSolution
		HideSolutionNode = FALSE
	EndGlobalSection
EndGlobal
